# THIS IS AN AUTOGENERATED FILE. DO NOT EDIT THIS FILE DIRECTLY.
# yarn lockfile v1


"@types/debug@^4.1.7":
  version "4.1.7"
  resolved "https://registry.yarnpkg.com/@types/debug/-/debug-4.1.7.tgz#7cc0ea761509124709b8b2d1090d8f6c17aadb82"
  integrity sha512-9AonUzyTjXXhEOa0DnqpzZi6VHlqKMswga9EXjpXnnqxwLtdvPPtlO8evrI5D9S6asFRCQ6v+wpiUKbw+vKqyg==
  dependencies:
    "@types/ms" "*"

"@types/events@^3.0.0":
  version "3.0.0"
  resolved "https://registry.yarnpkg.com/@types/events/-/events-3.0.0.tgz#2862f3f58a9a7f7c3e78d79f130dd4d71c25c2a7"
  integrity sha512-EaObqwIvayI5a8dCzhFrjKzVwKLxjoG9T6Ppd5CEo07LRKfQ8Yokw54r5+Wq7FaBQ+yXRvQAYPrHwya1/UFt9g==

"@types/ms@*":
  version "0.7.31"
  resolved "https://registry.yarnpkg.com/@types/ms/-/ms-0.7.31.tgz#31b7ca6407128a3d2bbc27fe2d21b345397f6197"
  integrity sha512-iiUgKzV9AuaEkZqkOLDIvlQiL6ltuZd9tGcW3gwpnX8JbuiuhFlEGmmFXEXkN50Cvq7Os88IY2v0dkDqXYWVgA==

"@types/node@*":
  version "18.0.3"
  resolved "https://registry.yarnpkg.com/@types/node/-/node-18.0.3.tgz#463fc47f13ec0688a33aec75d078a0541a447199"
  integrity sha512-HzNRZtp4eepNitP+BD6k2L6DROIDG4Q0fm4x+dwfsr6LGmROENnok75VGw40628xf+iR24WeMFcHuuBDUAzzsQ==

"@types/ws@^8.5.3":
  version "8.5.3"
  resolved "https://registry.yarnpkg.com/@types/ws/-/ws-8.5.3.tgz#7d25a1ffbecd3c4f2d35068d0b283c037003274d"
  integrity sha512-6YOoWjruKj1uLf3INHH7D3qTXwFfEsg1kf3c0uDdSBJwfa/llkwIjrAGV7j7mVgGNbzTQ3HiHKKDXl6bJPD97w==
  dependencies:
    "@types/node" "*"

awaitqueue@^2.4.0:
  version "2.4.0"
  resolved "https://registry.yarnpkg.com/awaitqueue/-/awaitqueue-2.4.0.tgz#beb9a2b563b4817921f21c09cca2cdbb0d5989d4"
  integrity sha512-9nTnPxVuxiuKFTHslm9ltnekUECJidOQ5kE6JpZUH77KrKqStQuWUW7JPB2GJZ7rOwWLcbToHiIXle/nJe1VpQ==

bowser@^2.11.0:
  version "2.11.0"
  resolved "https://registry.yarnpkg.com/bowser/-/bowser-2.11.0.tgz#5ca3c35757a7aa5771500c70a73a9f91ef420a8f"
  integrity sha512-AlcaJBi/pqqJBIQ8U9Mcpc9i8Aqxn88Skv5d+xBX006BY5u8N3mGLHa5Lgppa7L/HfwgwLgZ6NYs+Ag6uUmJRA==

debug@^4.1.1, debug@^4.3.4:
  version "4.3.4"
  resolved "https://registry.yarnpkg.com/debug/-/debug-4.3.4.tgz#1319f6579357f2338d3337d2cdd4914bb5dcc865"
  integrity sha512-PRWFHuSU3eDtQJPvnNY7Jcket1j0t5OuOsFzPPzsekD52Zl8qUfFIPEiswXqIvHWGVHOgX+7G/vCNNhehwxfkQ==
  dependencies:
    ms "2.1.2"

event-target-shim@^5.0.1:
  version "5.0.1"
  resolved "https://registry.yarnpkg.com/event-target-shim/-/event-target-shim-5.0.1.tgz#5d4d3ebdf9583d63a5333ce2deb7480ab2b05789"
  integrity sha512-i/2XbnSz/uxRCU6+NdVJgKWDTM427+MqYbkQzD321DuCQJUqOuJKIA0IM2+W2xtYHdKOmZ4dR6fExsd4SXL+WQ==

event-target-shim@^6.0.2:
  version "6.0.2"
  resolved "https://registry.yarnpkg.com/event-target-shim/-/event-target-shim-6.0.2.tgz#ea5348c3618ee8b62ff1d344f01908ee2b8a2b71"
  integrity sha512-8q3LsZjRezbFZ2PN+uP+Q7pnHUMmAOziU2vA2OwoFaKIXxlxl38IylhSSgUorWu/rf4er67w0ikBqjBFk/pomA==

events@^3.3.0:
  version "3.3.0"
  resolved "https://registry.yarnpkg.com/events/-/events-3.3.0.tgz#31a95ad0a924e2d2c419a813aeb2c4e878ea7400"
  integrity sha512-mQw+2fkQbALzQ7V0MY0IqdnXNOeTtP4r0lN9z7AAawCXgqea7bDii20AYrIBrFd/Hx0M2Ocz6S111CaFkUcb0Q==

fake-mediastreamtrack@^1.1.6:
  version "1.1.6"
  resolved "https://registry.yarnpkg.com/fake-mediastreamtrack/-/fake-mediastreamtrack-1.1.6.tgz#2cbdfae201b9771cb8a6b988120ce0edf25eb6ca"
  integrity sha512-lcoO5oPsW57istAsnjvQxNjBEahi18OdUhWfmEewwfPfzNZnji5OXuodQM+VnUPi/1HnQRJ6gBUjbt1TNXrkjQ==
  dependencies:
    event-target-shim "^5.0.1"
    uuid "^8.1.0"

h264-profile-level-id@^1.0.1:
  version "1.0.1"
  resolved "https://registry.yarnpkg.com/h264-profile-level-id/-/h264-profile-level-id-1.0.1.tgz#92033c190766c846e57c6a97e4c1d922943a9cce"
  integrity sha512-D3Rln/jKNjKDW5ZTJTK3niSoOGE+pFqPvRHHVgQN3G7umcn/zWGPUo8Q8VpDj16x3hKz++zVviRNRmXu5cpN+Q==
  dependencies:
    debug "^4.1.1"

"mediasoup-client-aiortc@git+https://github.com/versatica/mediasoup-client-aiortc.git":
  version "3.7.1"
  resolved "git+https://github.com/versatica/mediasoup-client-aiortc.git#35e961b391e9b1b4010720d3eacf7ad3486a1bee"
  dependencies:
    event-target-shim "^6.0.2"
    fake-mediastreamtrack "^1.1.6"
    mediasoup-client "^3.6.56"
    netstring "^0.3.0"
    sdp-transform "^2.14.1"
    uuid "^8.3.2"

mediasoup-client@^3.6.56, mediasoup-client@^3.6.57:
  version "3.6.57"
  resolved "https://registry.yarnpkg.com/mediasoup-client/-/mediasoup-client-3.6.57.tgz#c87dd3db39a7dd06f10c3862f0934d10d8704d91"
  integrity sha512-/DHOpgyebCgNIFZ8ZmOZXMPXklyFxTPJa3IoVybG7cghMetMeqvGiOhzgR5i/uoMZ1CMGsOCBF9+604gyBzt4w==
  dependencies:
    "@types/debug" "^4.1.7"
    "@types/events" "^3.0.0"
    awaitqueue "^2.4.0"
    bowser "^2.11.0"
    debug "^4.3.4"
    events "^3.3.0"
    fake-mediastreamtrack "^1.1.6"
    h264-profile-level-id "^1.0.1"
    sdp-transform "^2.14.1"
    supports-color "^9.2.2"

moment@^2.29.4:
  version "2.29.4"
  resolved "https://registry.yarnpkg.com/moment/-/moment-2.29.4.tgz#3dbe052889fe7c1b2ed966fcb3a77328964ef108"
  integrity sha512-5LC9SOxjSc2HF6vO2CyuTDNivEdoz2IvyJJGj6X8DJ0eFyfszE0QiEd+iXmBvUP3WHxSjFH/vIsA0EN00cgr8w==

ms@2.1.2:
  version "2.1.2"
  resolved "https://registry.yarnpkg.com/ms/-/ms-2.1.2.tgz#d09d1f357b443f493382a8eb3ccd183872ae6009"
  integrity sha512-sGkPx+VjMtmA6MX27oA4FBFELFCZZ4S4XqeGOXCv68tT+jb3vk/RyaKWP0PTKyWtmLSM0b+adUTEvbs1PEaH2w==

netstring@^0.3.0:
  version "0.3.0"
  resolved "https://registry.yarnpkg.com/netstring/-/netstring-0.3.0.tgz#868dc5b20c58d3f7305531d49368eaaabd19b712"
  integrity sha512-zTXpGlbh5IDsH2+cf1esHnzZn6F3N55bmfdKq0kCGaIYb68RCIsD2MGk8L7yi0Nyh1Us/Mn22eHb5VKhAM6iQw==

sdp-transform@^2.14.1:
  version "2.14.1"
  resolved "https://registry.yarnpkg.com/sdp-transform/-/sdp-transform-2.14.1.tgz#2bb443583d478dee217df4caa284c46b870d5827"
  integrity sha512-RjZyX3nVwJyCuTo5tGPx+PZWkDMCg7oOLpSlhjDdZfwUoNqG1mM8nyj31IGHyaPWXhjbP7cdK3qZ2bmkJ1GzRw==

supports-color@^9.2.2:
  version "9.2.2"
  resolved "https://registry.yarnpkg.com/supports-color/-/supports-color-9.2.2.tgz#502acaf82f2b7ee78eb7c83dcac0f89694e5a7bb"
  integrity sha512-XC6g/Kgux+rJXmwokjm9ECpD6k/smUoS5LKlUCcsYr4IY3rW0XyAympon2RmxGrlnZURMpg5T18gWDP9CsHXFA==

typescript@^4.7.4:
  version "4.7.4"
  resolved "https://registry.yarnpkg.com/typescript/-/typescript-4.7.4.tgz#1a88596d1cf47d59507a1bcdfb5b9dfe4d488235"
  integrity sha512-C0WQT0gezHuw6AdY1M2jxUO83Rjf0HP7Sk1DtXj6j1EwkQNZrHAg2XPWlq62oqEhYvONq5pkC2Y9oPljWToLmQ==

uuid@^8.1.0, uuid@^8.3.2:
  version "8.3.2"
  resolved "https://registry.yarnpkg.com/uuid/-/uuid-8.3.2.tgz#80d5b5ced271bb9af6c445f21a1a04c606cefbe2"
  integrity sha512-+NYs2QeMWy+GWFOEm9xnn6HCDp0l7QBD7ml8zLUmJ+93Q5NF0NocErnwkTkXVFNiX3/fpC6afS8Dhb/gz7R7eg==

ws@^8.8.0:
  version "8.8.0"
  resolved "https://registry.yarnpkg.com/ws/-/ws-8.8.0.tgz#8e71c75e2f6348dbf8d78005107297056cb77769"
  integrity sha512-JDAgSYQ1ksuwqfChJusw1LSJ8BizJ2e/vVu5Lxjq3YvNJNlROv1ui4i+c/kUUrPheBvQl4c5UbERhTwKa6QBJQ==
